github.com/taylorlanglopez/adventofcode/Advent_of_Code_2021/utils v0.0.0-20211209195403-7fd269f232d3 h1:TXL2lP2ar+eEJuAyfR31LBhu7L/t5AVCDYbOpUHvngI=
github.com/taylorlanglopez/adventofcode/Advent_of_Code_2021/utils v0.0.0-20211209195403-7fd269f232d3/go.mod h1:13B/OlSMdSVoLCHrktYjDeBhCiZ8TkfJ2RsXyYN1m0k=
github.com/taylorlanglopez/adventofcode/Advent_of_Code_2021/utils v0.0.0-20211209203056-48a081debe9c h1:C0ipHriQfhldL5u4FvByAVekBFWgjWSbp/uNUs2wVPE=
github.com/taylorlanglopez/adventofcode/Advent_of_Code_2021/utils v0.0.0-20211209203056-48a081debe9c/go.mod h1:13B/OlSMdSVoLCHrktYjDeBhCiZ8TkfJ2RsXyYN1m0k=
